
Microsoft Visual Studio Solution File, Format Version 12.00
# Visual Studio Version 16
VisualStudioVersion = 16.0.31624.102
MinimumVisualStudioVersion = 10.0.40219.1
Project("{9A19103F-16F7-4668-BE54-9A1E7A4F7556}") = "Homeworks", "Homeworks\Homeworks.csproj", "{851838A8-AF21-487F-BC46-9FE81C575969}"
EndProject
Project("{FAE04EC0-301F-11D3-BF4B-00C04F79EFBC}") = "TestHomeworks", "TestHomeworks\TestHomeworks.csproj", "{FE4AF56A-E664-4F6F-A3DD-C54DC020C904}"
EndProject
Global
	GlobalSection(SolutionConfigurationPlatforms) = preSolution
		Debug|Any CPU = Debug|Any CPU
		Release|Any CPU = Release|Any CPU
	EndGlobalSection
	GlobalSection(ProjectConfigurationPlatforms) = postSolution
		{851838A8-AF21-487F-BC46-9FE81C575969}.Debug|Any CPU.ActiveCfg = Debug|Any CPU
		{851838A8-AF21-487F-BC46-9FE81C575969}.Debug|Any CPU.Build.0 = Debug|Any CPU
		{851838A8-AF21-487F-BC46-9FE81C575969}.Release|Any CPU.ActiveCfg = Release|Any CPU
		{851838A8-AF21-487F-BC46-9FE81C575969}.Release|Any CPU.Build.0 = Release|Any CPU
		{FE4AF56A-E664-4F6F-A3DD-C54DC020C904}.Debug|Any CPU.ActiveCfg = Debug|Any CPU
		{FE4AF56A-E664-4F6F-A3DD-C54DC020C904}.Debug|Any CPU.Build.0 = Debug|Any CPU
		{FE4AF56A-E664-4F6F-A3DD-C54DC020C904}.Release|Any CPU.ActiveCfg = Release|Any CPU
		{FE4AF56A-E664-4F6F-A3DD-C54DC020C904}.Release|Any CPU.Build.0 = Release|Any CPU
	EndGlobalSection
	GlobalSection(SolutionProperties) = preSolution
		HideSolutionNode = FALSE
	EndGlobalSection
	GlobalSection(ExtensibilityGlobals) = postSolution
		SolutionGuid = {171960B9-1E4E-441A-9AEA-258C8EF3E90E}
	EndGlobalSection
EndGlobal
